# This file is automatically @generated by Cargo.
# It is not intended for manual editing.
version = 4

[[package]]
name = "arkhe-checkpoint"
version = "0.1.0"

[[package]]
name = "arkhe-net-server"
version = "0.1.0"

[[package]]
name = "arkhe-os-kernel"
version = "0.1.0"

[[package]]
name = "arkhe-pkg"
version = "0.1.0"

[[package]]
name = "arkhe-sh"
version = "0.1.0"

[[package]]
name = "arkhe-vfs-server"
version = "0.1.0"
